// !$*UTF8*$!
{
	archiveVersion = 1;
	classes = {
	};
	objectVersion = 77;
	objects = {

/* Begin PBXContainerItemProxy section */
		538BCA982D79B6A2003DC9B5 /* PBXContainerItemProxy */ = {
			isa = PBXContainerItemProxy;
			containerPortal = 538BCA7A2D79B6A0003DC9B5 /* Project object */;
			proxyType = 1;
			remoteGlobalIDString = 538BCA812D79B6A0003DC9B5;
			remoteInfo = GPSCamClone;
		};
		538BCAA22D79B6A2003DC9B5 /* PBXContainerItemProxy */ = {
			isa = PBXContainerItemProxy;
			containerPortal = 538BCA7A2D79B6A0003DC9B5 /* Project object */;
			proxyType = 1;
			remoteGlobalIDString = 538BCA812D79B6A0003DC9B5;
			remoteInfo = GPSCamClone;
		};
/* End PBXContainerItemProxy section */

/* Begin PBXFileReference section */
		538BCA822D79B6A0003DC9B5 /* GPSCamClone.app */ = {isa = PBXFileReference; explicitFileType = wrapper.application; includeInIndex = 0; path = GPSCamClone.app; sourceTree = BUILT_PRODUCTS_DIR; };
		538BCA972D79B6A2003DC9B5 /* GPSCamCloneTests.xctest */ = {isa = PBXFileReference; explicitFileType = wrapper.cfbundle; includeInIndex = 0; path = GPSCamCloneTests.xctest; sourceTree = BUILT_PRODUCTS_DIR; };
		538BCAA12D79B6A2003DC9B5 /* GPSCamCloneUITests.xctest */ = {isa = PBXFileReference; explicitFileType = wrapper.cfbundle; includeInIndex = 0; path = GPSCamCloneUITests.xctest; sourceTree = BUILT_PRODUCTS_DIR; };
/* End PBXFileReference section */

/* Begin PBXFileSystemSynchronizedRootGroup section */
		538BCA842D79B6A0003DC9B5 /* GPSCamClone */ = {
			isa = PBXFileSystemSynchronizedRootGroup;
			path = GPSCamClone;
			sourceTree = "<group>";
		};
		538BCA9A2D79B6A2003DC9B5 /* GPSCamCloneTests */ = {
			isa = PBXFileSystemSynchronizedRootGroup;
			path = GPSCamCloneTests;
			sourceTree = "<group>";
		};
		538BCAA42D79B6A2003DC9B5 /* GPSCamCloneUITests */ = {
			isa = PBXFileSystemSynchronizedRootGroup;
			path = GPSCamCloneUITests;
			sourceTree = "<group>";
		};
/* End PBXFileSystemSynchronizedRootGroup section */

/* Begin PBXFrameworksBuildPhase section */
		538BCA7F2D79B6A0003DC9B5 /* Frameworks */ = {
			isa = PBXFrameworksBuildPhase;
			buildActionMask = 2147483647;
			files = (
			);
			runOnlyForDeploymentPostprocessing = 0;
		};
		538BCA942D79B6A2003DC9B5 /* Frameworks */ = {
			isa = PBXFrameworksBuildPhase;
			buildActionMask = 2147483647;
			files = (
			);
			runOnlyForDeploymentPostprocessing = 0;
		};
		538BCA9E2D79B6A2003DC9B5 /* Frameworks */ = {
			isa = PBXFrameworksBuildPhase;
			buildActionMask = 2147483647;
			files = (
			);
			runOnlyForDeploymentPostprocessing = 0;
		};
/* End PBXFrameworksBuildPhase section */

/* Begin PBXGroup section */
		538BCA792D79B6A0003DC9B5 = {
			isa = PBXGroup;
			children = (
				538BCA842D79B6A0003DC9B5 /* GPSCamClone */,
				538BCA9A2D79B6A2003DC9B5 /* GPSCamCloneTests */,
				538BCAA42D79B6A2003DC9B5 /* GPSCamCloneUITests */,
				538BCA832D79B6A0003DC9B5 /* Products */,
			);
			sourceTree = "<group>";
		};
		538BCA832D79B6A0003DC9B5 /* Products */ = {
			isa = PBXGroup;
			children = (
				538BCA822D79B6A0003DC9B5 /* GPSCamClone.app */,
				538BCA972D79B6A2003DC9B5 /* GPSCamCloneTests.xctest */,
				538BCAA12D79B6A2003DC9B5 /* GPSCamCloneUITests.xctest */,
			);
			name = Products;
			sourceTree = "<group>";
		};
/* End PBXGroup section */

/* Begin PBXNativeTarget section */
		538BCA812D79B6A0003DC9B5 /* GPSCamClone */ = {
			isa = PBXNativeTarget;
			buildConfigurationList = 538BCAAB2D79B6A2003DC9B5 /* Build configuration list for PBXNativeTarget "GPSCamClone" */;
			buildPhases = (
				538BCA7E2D79B6A0003DC9B5 /* Sources */,
				538BCA7F2D79B6A0003DC9B5 /* Frameworks */,
				538BCA802D79B6A0003DC9B5 /* Resources */,
			);
			buildRules = (
			);
			dependencies = (
			);
			fileSystemSynchronizedGroups = (
				538BCA842D79B6A0003DC9B5 /* GPSCamClone */,
			);
			name = GPSCamClone;
			packageProductDependencies = (
			);
			productName = GPSCamClone;
			productReference = 538BCA822D79B6A0003DC9B5 /* GPSCamClone.app */;
			productType = "com.apple.product-type.application";
		};
		538BCA962D79B6A2003DC9B5 /* GPSCamCloneTests */ = {
			isa = PBXNativeTarget;
			buildConfigurationList = 538BCAAE2D79B6A2003DC9B5 /* Build configuration list for PBXNativeTarget "GPSCamCloneTests" */;
			buildPhases = (
				538BCA932D79B6A2003DC9B5 /* Sources */,
				538BCA942D79B6A2003DC9B5 /* Frameworks */,
				538BCA952D79B6A2003DC9B5 /* Resources */,
			);
			buildRules = (
			);
			dependencies = (
				538BCA992D79B6A2003DC9B5 /* PBXTargetDependency */,
			);
			fileSystemSynchronizedGroups = (
				538BCA9A2D79B6A2003DC9B5 /* GPSCamCloneTests */,
			);
			name = GPSCamCloneTests;
			packageProductDependencies = (
			);
			productName = GPSCamCloneTests;
			productReference = 538BCA972D79B6A2003DC9B5 /* GPSCamCloneTests.xctest */;
			productType = "com.apple.product-type.bundle.unit-test";
		};
		538BCAA02D79B6A2003DC9B5 /* GPSCamCloneUITests */ = {
			isa = PBXNativeTarget;
			buildConfigurationList = 538BCAB12D79B6A2003DC9B5 /* Build configuration list for PBXNativeTarget "GPSCamCloneUITests" */;
			buildPhases = (
				538BCA9D2D79B6A2003DC9B5 /* Sources */,
				538BCA9E2D79B6A2003DC9B5 /* Frameworks */,
				538BCA9F2D79B6A2003DC9B5 /* Resources */,
			);
			buildRules = (
			);
			dependencies = (
				538BCAA32D79B6A2003DC9B5 /* PBXTargetDependency */,
			);
			fileSystemSynchronizedGroups = (
				538BCAA42D79B6A2003DC9B5 /* GPSCamCloneUITests */,
			);
			name = GPSCamCloneUITests;
			packageProductDependencies = (
			);
			productName = GPSCamCloneUITests;
			productReference = 538BCAA12D79B6A2003DC9B5 /* GPSCamCloneUITests.xctest */;
			productType = "com.apple.product-type.bundle.ui-testing";
		};
/* End PBXNativeTarget section */

/* Begin PBXProject section */
		538BCA7A2D79B6A0003DC9B5 /* Project object */ = {
			isa = PBXProject;
			attributes = {
				BuildIndependentTargetsInParallel = 1;
				LastSwiftUpdateCheck = 1620;
				LastUpgradeCheck = 1620;
				TargetAttributes = {
					538BCA812D79B6A0003DC9B5 = {
						CreatedOnToolsVersion = 16.2;
					};
					538BCA962D79B6A2003DC9B5 = {
						CreatedOnToolsVersion = 16.2;
						TestTargetID = 538BCA812D79B6A0003DC9B5;
					};
					538BCAA02D79B6A2003DC9B5 = {
						CreatedOnToolsVersion = 16.2;
						TestTargetID = 538BCA812D79B6A0003DC9B5;
					};
				};
			};
			buildConfigurationList = 538BCA7D2D79B6A0003DC9B5 /* Build configuration list for PBXProject "GPSCamClone" */;
			developmentRegion = en;
			hasScannedForEncodings = 0;
			knownRegions = (
				en,
				Base,
			);
			mainGroup = 538BCA792D79B6A0003DC9B5;
			minimizedProjectReferenceProxies = 1;
			preferredProjectObjectVersion = 77;
			productRefGroup = 538BCA832D79B6A0003DC9B5 /* Products */;
			projectDirPath = "";
			projectRoot = "";
			targets = (
				538BCA812D79B6A0003DC9B5 /* GPSCamClone */,
				538BCA962D79B6A2003DC9B5 /* GPSCamCloneTests */,
				538BCAA02D79B6A2003DC9B5 /* GPSCamCloneUITests */,
			);
		};
/* End PBXProject section */

/* Begin PBXResourcesBuildPhase section */
		538BCA802D79B6A0003DC9B5 /* Resources */ = {
			isa = PBXResourcesBuildPhase;
			buildActionMask = 2147483647;
			files = (
			);
			runOnlyForDeploymentPostprocessing = 0;
		};
		538BCA952D79B6A2003DC9B5 /* Resources */ = {
			isa = PBXResourcesBuildPhase;
			buildActionMask = 2147483647;
			files = (
			);
			runOnlyForDeploymentPostprocessing = 0;
		};
		538BCA9F2D79B6A2003DC9B5 /* Resources */ = {
			isa = PBXResourcesBuildPhase;
			buildActionMask = 2147483647;
			files = (
			);
			runOnlyForDeploymentPostprocessing = 0;
		};
/* End PBXResourcesBuildPhase section */

/* Begin PBXSourcesBuildPhase section */
		538BCA7E2D79B6A0003DC9B5 /* Sources */ = {
			isa = PBXSourcesBuildPhase;
			buildActionMask = 2147483647;
			files = (
			);
			runOnlyForDeploymentPostprocessing = 0;
		};
		538BCA932D79B6A2003DC9B5 /* Sources */ = {
			isa = PBXSourcesBuildPhase;
			buildActionMask = 2147483647;
			files = (
			);
			runOnlyForDeploymentPostprocessing = 0;
		};
		538BCA9D2D79B6A2003DC9B5 /* Sources */ = {
			isa = PBXSourcesBuildPhase;
			buildActionMask = 2147483647;
			files = (
			);
			runOnlyForDeploymentPostprocessing = 0;
		};
/* End PBXSourcesBuildPhase section */

/* Begin PBXTargetDependency section */
		538BCA992D79B6A2003DC9B5 /* PBXTargetDependency */ = {
			isa = PBXTargetDependency;
			target = 538BCA812D79B6A0003DC9B5 /* GPSCamClone */;
			targetProxy = 538BCA982D79B6A2003DC9B5 /* PBXContainerItemProxy */;
		};
		538BCAA32D79B6A2003DC9B5 /* PBXTargetDependency */ = {
			isa = PBXTargetDependency;
			target = 538BCA812D79B6A0003DC9B5 /* GPSCamClone */;
			targetProxy = 538BCAA22D79B6A2003DC9B5 /* PBXContainerItemProxy */;
		};
/* End PBXTargetDependency section */

/* Begin XCBuildConfiguration section */
		538BCAA92D79B6A2003DC9B5 /* Debug */ = {
			isa = XCBuildConfiguration;
			buildSettings = {
				ALWAYS_SEARCH_USER_PATHS = NO;
				ASSETCATALOG_COMPILER_GENERATE_SWIFT_ASSET_SYMBOL_EXTENSIONS = YES;
				CLANG_ANALYZER_NONNULL = YES;
				CLANG_ANALYZER_NUMBER_OBJECT_CONVERSION = YES_AGGRESSIVE;
				CLANG_CXX_LANGUAGE_STANDARD = "gnu++20";
				CLANG_ENABLE_MODULES = YES;
				CLANG_ENABLE_OBJC_ARC = YES;
				CLANG_ENABLE_OBJC_WEAK = YES;
				CLANG_WARN_BLOCK_CAPTURE_AUTORELEASING = YES;
				CLANG_WARN_BOOL_CONVERSION = YES;
				CLANG_WARN_COMMA = YES;
				CLANG_WARN_CONSTANT_CONVERSION = YES;
				CLANG_WARN_DEPRECATED_OBJC_IMPLEMENTATIONS = YES;
				CLANG_WARN_DIRECT_OBJC_ISA_USAGE = YES_ERROR;
				CLANG_WARN_DOCUMENTATION_COMMENTS = YES;
				CLANG_WARN_EMPTY_BODY = YES;
				CLANG_WARN_ENUM_CONVERSION = YES;
				CLANG_WARN_INFINITE_RECURSION = YES;
				CLANG_WARN_INT_CONVERSION = YES;
				CLANG_WARN_NON_LITERAL_NULL_CONVERSION = YES;
				CLANG_WARN_OBJC_IMPLICIT_RETAIN_SELF = YES;
				CLANG_WARN_OBJC_LITERAL_CONVERSION = YES;
				CLANG_WARN_OBJC_ROOT_CLASS = YES_ERROR;
				CLANG_WARN_QUOTED_INCLUDE_IN_FRAMEWORK_HEADER = YES;
				CLANG_WARN_RANGE_LOOP_ANALYSIS = YES;
				CLANG_WARN_STRICT_PROTOTYPES = YES;
				CLANG_WARN_SUSPICIOUS_MOVE = YES;
				CLANG_WARN_UNGUARDED_AVAILABILITY = YES_AGGRESSIVE;
				CLANG_WARN_UNREACHABLE_CODE = YES;
				CLANG_WARN__DUPLICATE_METHOD_MATCH = YES;
				COPY_PHASE_STRIP = NO;
				DEBUG_INFORMATION_FORMAT = dwarf;
				ENABLE_STRICT_OBJC_MSGSEND = YES;
				ENABLE_TESTABILITY = YES;
				ENABLE_USER_SCRIPT_SANDBOXING = YES;
				GCC_C_LANGUAGE_STANDARD = gnu17;
				GCC_DYNAMIC_NO_PIC = NO;
				GCC_NO_COMMON_BLOCKS = YES;
				GCC_OPTIMIZATION_LEVEL = 0;
				GCC_PREPROCESSOR_DEFINITIONS = (
					"DEBUG=1",
					"$(inherited)",
				);
				GCC_WARN_64_TO_32_BIT_CONVERSION = YES;
				GCC_WARN_ABOUT_RETURN_TYPE = YES_ERROR;
				GCC_WARN_UNDECLARED_SELECTOR = YES;
				GCC_WARN_UNINITIALIZED_AUTOS = YES_AGGRESSIVE;
				GCC_WARN_UNUSED_FUNCTION = YES;
				GCC_WARN_UNUSED_VARIABLE = YES;
				IPHONEOS_DEPLOYMENT_TARGET = 18.2;
				LOCALIZATION_PREFERS_STRING_CATALOGS = YES;
				MTL_ENABLE_DEBUG_INFO = INCLUDE_SOURCE;
				MTL_FAST_MATH = YES;
				ONLY_ACTIVE_ARCH = YES;
				SDKROOT = iphoneos;
				SWIFT_ACTIVE_COMPILATION_CONDITIONS = "DEBUG $(inherited)";
				SWIFT_OPTIMIZATION_LEVEL = "-Onone";
			};
			name = Debug;
		};
		538BCAAA2D79B6A2003DC9B5 /* Release */ = {
			isa = XCBuildConfiguration;
			buildSettings = {
				ALWAYS_SEARCH_USER_PATHS = NO;
				ASSETCATALOG_COMPILER_GENERATE_SWIFT_ASSET_SYMBOL_EXTENSIONS = YES;
				CLANG_ANALYZER_NONNULL = YES;
				CLANG_ANALYZER_NUMBER_OBJECT_CONVERSION = YES_AGGRESSIVE;
				CLANG_CXX_LANGUAGE_STANDARD = "gnu++20";
				CLANG_ENABLE_MODULES = YES;
				CLANG_ENABLE_OBJC_ARC = YES;
				CLANG_ENABLE_OBJC_WEAK = YES;
				CLANG_WARN_BLOCK_CAPTURE_AUTORELEASING = YES;
				CLANG_WARN_BOOL_CONVERSION = YES;
				CLANG_WARN_COMMA = YES;
				CLANG_WARN_CONSTANT_CONVERSION = YES;
				CLANG_WARN_DEPRECATED_OBJC_IMPLEMENTATIONS = YES;
				CLANG_WARN_DIRECT_OBJC_ISA_USAGE = YES_ERROR;
				CLANG_WARN_DOCUMENTATION_COMMENTS = YES;
				CLANG_WARN_EMPTY_BODY = YES;
				CLANG_WARN_ENUM_CONVERSION = YES;
				CLANG_WARN_INFINITE_RECURSION = YES;
				CLANG_WARN_INT_CONVERSION = YES;
				CLANG_WARN_NON_LITERAL_NULL_CONVERSION = YES;
				CLANG_WARN_OBJC_IMPLICIT_RETAIN_SELF = YES;
				CLANG_WARN_OBJC_LITERAL_CONVERSION = YES;
				CLANG_WARN_OBJC_ROOT_CLASS = YES_ERROR;
				CLANG_WARN_QUOTED_INCLUDE_IN_FRAMEWORK_HEADER = YES;
				CLANG_WARN_RANGE_LOOP_ANALYSIS = YES;
				CLANG_WARN_STRICT_PROTOTYPES = YES;
				CLANG_WARN_SUSPICIOUS_MOVE = YES;
				CLANG_WARN_UNGUARDED_AVAILABILITY = YES_AGGRESSIVE;
				CLANG_WARN_UNREACHABLE_CODE = YES;
				CLANG_WARN__DUPLICATE_METHOD_MATCH = YES;
				COPY_PHASE_STRIP = NO;
				DEBUG_INFORMATION_FORMAT = "dwarf-with-dsym";
				ENABLE_NS_ASSERTIONS = NO;
				ENABLE_STRICT_OBJC_MSGSEND = YES;
				ENABLE_USER_SCRIPT_SANDBOXING = YES;
				GCC_C_LANGUAGE_STANDARD = gnu17;
				GCC_NO_COMMON_BLOCKS = YES;
				GCC_WARN_64_TO_32_BIT_CONVERSION = YES;
				GCC_WARN_ABOUT_RETURN_TYPE = YES_ERROR;
				GCC_WARN_UNDECLARED_SELECTOR = YES;
				GCC_WARN_UNINITIALIZED_AUTOS = YES_AGGRESSIVE;
				GCC_WARN_UNUSED_FUNCTION = YES;
				GCC_WARN_UNUSED_VARIABLE = YES;
				IPHONEOS_DEPLOYMENT_TARGET = 18.2;
				LOCALIZATION_PREFERS_STRING_CATALOGS = YES;
				MTL_ENABLE_DEBUG_INFO = NO;
				MTL_FAST_MATH = YES;
				SDKROOT = iphoneos;
				SWIFT_COMPILATION_MODE = wholemodule;
				VALIDATE_PRODUCT = YES;
			};
			name = Release;
		};
		538BCAAC2D79B6A2003DC9B5 /* Debug */ = {
			isa = XCBuildConfiguration;
			buildSettings = {
				ASSETCATALOG_COMPILER_APPICON_NAME = AppIcon;
				ASSETCATALOG_COMPILER_GLOBAL_ACCENT_COLOR_NAME = AccentColor;
				CODE_SIGN_STYLE = Automatic;
				CURRENT_PROJECT_VERSION = 1;
				DEVELOPMENT_ASSET_PATHS = "\"GPSCamClone/Preview Content\"";
				DEVELOPMENT_TEAM = AS3N562U5D;
				ENABLE_PREVIEWS = YES;
				GENERATE_INFOPLIST_FILE = YES;
				INFOPLIST_KEY_UIApplicationSceneManifest_Generation = YES;
				INFOPLIST_KEY_UIApplicationSupportsIndirectInputEvents = YES;
				INFOPLIST_KEY_UILaunchScreen_Generation = YES;
				INFOPLIST_KEY_UISupportedInterfaceOrientations_iPad = "UIInterfaceOrientationPortrait UIInterfaceOrientationPortraitUpsideDown UIInterfaceOrientationLandscapeLeft UIInterfaceOrientationLandscapeRight";
				INFOPLIST_KEY_UISupportedInterfaceOrientations_iPhone = "UIInterfaceOrientationPortrait UIInterfaceOrientationLandscapeLeft UIInterfaceOrientationLandscapeRight";
				LD_RUNPATH_SEARCH_PATHS = (
					"$(inherited)",
					"@executable_path/Frameworks",
				);
				MARKETING_VERSION = 1.0;
				PRODUCT_BUNDLE_IDENTIFIER = com.Camera.GPSCamClone;
				PRODUCT_NAME = "$(TARGET_NAME)";
				SWIFT_EMIT_LOC_STRINGS = YES;
				SWIFT_VERSION = 5.0;
				TARGETED_DEVICE_FAMILY = "1,2";
			};
			name = Debug;
		};
		538BCAAD2D79B6A2003DC9B5 /* Release */ = {
			isa = XCBuildConfiguration;
			buildSettings = {
				ASSETCATALOG_COMPILER_APPICON_NAME = AppIcon;
				ASSETCATALOG_COMPILER_GLOBAL_ACCENT_COLOR_NAME = AccentColor;
				CODE_SIGN_STYLE = Automatic;
				CURRENT_PROJECT_VERSION = 1;
				DEVELOPMENT_ASSET_PATHS = "\"GPSCamClone/Preview Content\"";
				DEVELOPMENT_TEAM = AS3N562U5D;
				ENABLE_PREVIEWS = YES;
				GENERATE_INFOPLIST_FILE = YES;
				INFOPLIST_KEY_UIApplicationSceneManifest_Generation = YES;
				INFOPLIST_KEY_UIApplicationSupportsIndirectInputEvents = YES;
				INFOPLIST_KEY_UILaunchScreen_Generation = YES;
				INFOPLIST_KEY_UISupportedInterfaceOrientations_iPad = "UIInterfaceOrientationPortrait UIInterfaceOrientationPortraitUpsideDown UIInterfaceOrientationLandscapeLeft UIInterfaceOrientationLandscapeRight";
				INFOPLIST_KEY_UISupportedInterfaceOrientations_iPhone = "UIInterfaceOrientationPortrait UIInterfaceOrientationLandscapeLeft UIInterfaceOrientationLandscapeRight";
				LD_RUNPATH_SEARCH_PATHS = (
					"$(inherited)",
					"@executable_path/Frameworks",
				);
				MARKETING_VERSION = 1.0;
				PRODUCT_BUNDLE_IDENTIFIER = com.Camera.GPSCamClone;
				PRODUCT_NAME = "$(TARGET_NAME)";
				SWIFT_EMIT_LOC_STRINGS = YES;
				SWIFT_VERSION = 5.0;
				TARGETED_DEVICE_FAMILY = "1,2";
			};
			name = Release;
		};
		538BCAAF2D79B6A2003DC9B5 /* Debug */ = {
			isa = XCBuildConfiguration;
			buildSettings = {
				BUNDLE_LOADER = "$(TEST_HOST)";
				CODE_SIGN_STYLE = Automatic;
				CURRENT_PROJECT_VERSION = 1;
				DEVELOPMENT_TEAM = AS3N562U5D;
				GENERATE_INFOPLIST_FILE = YES;
				IPHONEOS_DEPLOYMENT_TARGET = 18.2;
				MARKETING_VERSION = 1.0;
				PRODUCT_BUNDLE_IDENTIFIER = com.Camera.GPSCamCloneTests;
				PRODUCT_NAME = "$(TARGET_NAME)";
				SWIFT_EMIT_LOC_STRINGS = NO;
				SWIFT_VERSION = 5.0;
				TARGETED_DEVICE_FAMILY = "1,2";
				TEST_HOST = "$(BUILT_PRODUCTS_DIR)/GPSCamClone.app/$(BUNDLE_EXECUTABLE_FOLDER_PATH)/GPSCamClone";
			};
			name = Debug;
		};
		538BCAB02D79B6A2003DC9B5 /* Release */ = {
			isa = XCBuildConfiguration;
			buildSettings = {
				BUNDLE_LOADER = "$(TEST_HOST)";
				CODE_SIGN_STYLE = Automatic;
				CURRENT_PROJECT_VERSION = 1;
				DEVELOPMENT_TEAM = AS3N562U5D;
				GENERATE_INFOPLIST_FILE = YES;
				IPHONEOS_DEPLOYMENT_TARGET = 18.2;
				MARKETING_VERSION = 1.0;
				PRODUCT_BUNDLE_IDENTIFIER = com.Camera.GPSCamCloneTests;
				PRODUCT_NAME = "$(TARGET_NAME)";
				SWIFT_EMIT_LOC_STRINGS = NO;
				SWIFT_VERSION = 5.0;
				TARGETED_DEVICE_FAMILY = "1,2";
				TEST_HOST = "$(BUILT_PRODUCTS_DIR)/GPSCamClone.app/$(BUNDLE_EXECUTABLE_FOLDER_PATH)/GPSCamClone";
			};
			name = Release;
		};
		538BCAB22D79B6A2003DC9B5 /* Debug */ = {
			isa = XCBuildConfiguration;
			buildSettings = {
				CODE_SIGN_STYLE = Automatic;
				CURRENT_PROJECT_VERSION = 1;
				DEVELOPMENT_TEAM = AS3N562U5D;
				GENERATE_INFOPLIST_FILE = YES;
				MARKETING_VERSION = 1.0;
				PRODUCT_BUNDLE_IDENTIFIER = com.Camera.GPSCamCloneUITests;
				PRODUCT_NAME = "$(TARGET_NAME)";
				SWIFT_EMIT_LOC_STRINGS = NO;
				SWIFT_VERSION = 5.0;
				TARGETED_DEVICE_FAMILY = "1,2";
				TEST_TARGET_NAME = GPSCamClone;
			};
			name = Debug;
		};
		538BCAB32D79B6A2003DC9B5 /* Release */ = {
			isa = XCBuildConfiguration;
			buildSettings = {
				CODE_SIGN_STYLE = Automatic;
				CURRENT_PROJECT_VERSION = 1;
				DEVELOPMENT_TEAM = AS3N562U5D;
				GENERATE_INFOPLIST_FILE = YES;
				MARKETING_VERSION = 1.0;
				PRODUCT_BUNDLE_IDENTIFIER = com.Camera.GPSCamCloneUITests;
				PRODUCT_NAME = "$(TARGET_NAME)";
				SWIFT_EMIT_LOC_STRINGS = NO;
				SWIFT_VERSION = 5.0;
				TARGETED_DEVICE_FAMILY = "1,2";
				TEST_TARGET_NAME = GPSCamClone;
			};
			name = Release;
		};
/* End XCBuildConfiguration section */

/* Begin XCConfigurationList section */
		538BCA7D2D79B6A0003DC9B5 /* Build configuration list for PBXProject "GPSCamClone" */ = {
			isa = XCConfigurationList;
			buildConfigurations = (
				538BCAA92D79B6A2003DC9B5 /* Debug */,
				538BCAAA2D79B6A2003DC9B5 /* Release */,
			);
			defaultConfigurationIsVisible = 0;
			defaultConfigurationName = Release;
		};
		538BCAAB2D79B6A2003DC9B5 /* Build configuration list for PBXNativeTarget "GPSCamClone" */ = {
			isa = XCConfigurationList;
			buildConfigurations = (
				538BCAAC2D79B6A2003DC9B5 /* Debug */,
				538BCAAD2D79B6A2003DC9B5 /* Release */,
			);
			defaultConfigurationIsVisible = 0;
			defaultConfigurationName = Release;
		};
		538BCAAE2D79B6A2003DC9B5 /* Build configuration list for PBXNativeTarget "GPSCamCloneTests" */ = {
			isa = XCConfigurationList;
			buildConfigurations = (
				538BCAAF2D79B6A2003DC9B5 /* Debug */,
				538BCAB02D79B6A2003DC9B5 /* Release */,
			);
			defaultConfigurationIsVisible = 0;
			defaultConfigurationName = Release;
		};
		538BCAB12D79B6A2003DC9B5 /* Build configuration list for PBXNativeTarget "GPSCamCloneUITests" */ = {
			isa = XCConfigurationList;
			buildConfigurations = (
				538BCAB22D79B6A2003DC9B5 /* Debug */,
				538BCAB32D79B6A2003DC9B5 /* Release */,
			);
			defaultConfigurationIsVisible = 0;
			defaultConfigurationName = Release;
		};
/* End XCConfigurationList section */
	};
	rootObject = 538BCA7A2D79B6A0003DC9B5 /* Project object */;
}
